
Microsoft Visual Studio Solution File, Format Version 12.00
# Visual Studio Express 2012 for Windows Desktop
Project("{FAE04EC0-301F-11D3-BF4B-00C04F79EFBC}") = "AGExt", "AGExt\AGExt.csproj", "{64CDFB25-9856-4B24-A0C4-5DDC0DD1AB8F}"
EndProject
Global
	GlobalSection(SolutionConfigurationPlatforms) = preSolution
		Debug|Any CPU = Debug|Any CPU
		Release|Any CPU = Release|Any CPU
	EndGlobalSection
	GlobalSection(ProjectConfigurationPlatforms) = postSolution
		{64CDFB25-9856-4B24-A0C4-5DDC0DD1AB8F}.Debug|Any CPU.ActiveCfg = Release|Any CPU
		{64CDFB25-9856-4B24-A0C4-5DDC0DD1AB8F}.Debug|Any CPU.Build.0 = Release|Any CPU
		{64CDFB25-9856-4B24-A0C4-5DDC0DD1AB8F}.Release|Any CPU.ActiveCfg = Release|Any CPU
		{64CDFB25-9856-4B24-A0C4-5DDC0DD1AB8F}.Release|Any CPU.Build.0 = Release|Any CPU
	EndGlobalSection
	GlobalSection(SolutionProperties) = preSolution
		HideSolutionNode = FALSE
	EndGlobalSection
EndGlobal
